
Microsoft Visual Studio Solution File, Format Version 12.00
# Visual Studio 2013
VisualStudioVersion = 12.0.21005.1
MinimumVisualStudioVersion = 10.0.40219.1
Project("{8BC9CEB8-8B4A-11D0-8D11-00A0C91BC942}") = "Lib0", "Lib0\Lib0.vcxproj", "{93DA0A2E-6AD4-4E52-ACC7-D1143045CF8F}"
EndProject
Project("{8BC9CEB8-8B4A-11D0-8D11-00A0C91BC942}") = "UsingLibDll", "UsingLibDll\UsingLibDll.vcxproj", "{E87E4384-92E7-4B80-BA44-9D281844247B}"
EndProject
Global
	GlobalSection(SolutionConfigurationPlatforms) = preSolution
		Debug|Win32 = Debug|Win32
		Release|Win32 = Release|Win32
	EndGlobalSection
	GlobalSection(ProjectConfigurationPlatforms) = postSolution
		{93DA0A2E-6AD4-4E52-ACC7-D1143045CF8F}.Debug|Win32.ActiveCfg = Debug|Win32
		{93DA0A2E-6AD4-4E52-ACC7-D1143045CF8F}.Debug|Win32.Build.0 = Debug|Win32
		{93DA0A2E-6AD4-4E52-ACC7-D1143045CF8F}.Release|Win32.ActiveCfg = Release|Win32
		{93DA0A2E-6AD4-4E52-ACC7-D1143045CF8F}.Release|Win32.Build.0 = Release|Win32
		{E87E4384-92E7-4B80-BA44-9D281844247B}.Debug|Win32.ActiveCfg = Debug|Win32
		{E87E4384-92E7-4B80-BA44-9D281844247B}.Debug|Win32.Build.0 = Debug|Win32
		{E87E4384-92E7-4B80-BA44-9D281844247B}.Release|Win32.ActiveCfg = Release|Win32
		{E87E4384-92E7-4B80-BA44-9D281844247B}.Release|Win32.Build.0 = Release|Win32
	EndGlobalSection
	GlobalSection(SolutionProperties) = preSolution
		HideSolutionNode = FALSE
	EndGlobalSection
EndGlobal
